
Microsoft Visual Studio Solution File, Format Version 12.00
# Visual Studio Version 16
VisualStudioVersion = 16.0.31129.286
MinimumVisualStudioVersion = 10.0.40219.1
Project("{FAE04EC0-301F-11D3-BF4B-00C04F79EFBC}") = "HardwareMonitor", "HardwareMonitor\HardwareMonitor.csproj", "{932251B1-FB94-4246-86F8-AAD461F77B22}"
EndProject
Global
	GlobalSection(SolutionConfigurationPlatforms) = preSolution
		Debug|Any CPU = Debug|Any CPU
		Release|Any CPU = Release|Any CPU
	EndGlobalSection
	GlobalSection(ProjectConfigurationPlatforms) = postSolution
		{932251B1-FB94-4246-86F8-AAD461F77B22}.Debug|Any CPU.ActiveCfg = Debug|Any CPU
		{932251B1-FB94-4246-86F8-AAD461F77B22}.Debug|Any CPU.Build.0 = Debug|Any CPU
		{932251B1-FB94-4246-86F8-AAD461F77B22}.Release|Any CPU.ActiveCfg = Release|Any CPU
		{932251B1-FB94-4246-86F8-AAD461F77B22}.Release|Any CPU.Build.0 = Release|Any CPU
	EndGlobalSection
	GlobalSection(SolutionProperties) = preSolution
		HideSolutionNode = FALSE
	EndGlobalSection
	GlobalSection(ExtensibilityGlobals) = postSolution
		SolutionGuid = {38E586C0-8B07-4276-A676-5D4C41201C09}
	EndGlobalSection
EndGlobal
